
Microsoft Visual Studio Solution File, Format Version 12.00
# Visual Studio Version 16
VisualStudioVersion = 16.0.29306.81
MinimumVisualStudioVersion = 10.0.40219.1
Project("{8BC9CEB8-8B4A-11D0-8D11-00A0C91BC942}") = "Lection", "Lection\Lection.vcxproj", "{E1688CB6-8787-4AC9-91D1-8234FCC74A54}"
EndProject
Global
	GlobalSection(SolutionConfigurationPlatforms) = preSolution
		Debug|x64 = Debug|x64
		Debug|x86 = Debug|x86
		Release|x64 = Release|x64
		Release|x86 = Release|x86
	EndGlobalSection
	GlobalSection(ProjectConfigurationPlatforms) = postSolution
		{E1688CB6-8787-4AC9-91D1-8234FCC74A54}.Debug|x64.ActiveCfg = Debug|x64
		{E1688CB6-8787-4AC9-91D1-8234FCC74A54}.Debug|x64.Build.0 = Debug|x64
		{E1688CB6-8787-4AC9-91D1-8234FCC74A54}.Debug|x86.ActiveCfg = Debug|Win32
		{E1688CB6-8787-4AC9-91D1-8234FCC74A54}.Debug|x86.Build.0 = Debug|Win32
		{E1688CB6-8787-4AC9-91D1-8234FCC74A54}.Release|x64.ActiveCfg = Release|x64
		{E1688CB6-8787-4AC9-91D1-8234FCC74A54}.Release|x64.Build.0 = Release|x64
		{E1688CB6-8787-4AC9-91D1-8234FCC74A54}.Release|x86.ActiveCfg = Release|Win32
		{E1688CB6-8787-4AC9-91D1-8234FCC74A54}.Release|x86.Build.0 = Release|Win32
	EndGlobalSection
	GlobalSection(SolutionProperties) = preSolution
		HideSolutionNode = FALSE
	EndGlobalSection
	GlobalSection(ExtensibilityGlobals) = postSolution
		SolutionGuid = {48581D36-F780-41E4-9DC1-A3AD0BB73A59}
	EndGlobalSection
EndGlobal
